// !$*UTF8*$!
{
	archiveVersion = 1;
	classes = {
	};
	objectVersion = 77;
	objects = {

/* Begin PBXBuildFile section */
		E45981152EA7246E00628BB0 /* FirebaseAuth in Frameworks */ = {isa = PBXBuildFile; productRef = E45981142EA7246E00628BB0 /* FirebaseAuth */; };
		E45981172EA7246E00628BB0 /* FirebaseCore in Frameworks */ = {isa = PBXBuildFile; productRef = E45981162EA7246E00628BB0 /* FirebaseCore */; };
		E45981192EA7246E00628BB0 /* FirebaseFirestore in Frameworks */ = {isa = PBXBuildFile; productRef = E45981182EA7246E00628BB0 /* FirebaseFirestore */; };
		E459811B2EA7246E00628BB0 /* FirebaseDatabase in Frameworks */ = {isa = PBXBuildFile; productRef = E459811A2EA7246E00628BB0 /* FirebaseDatabase */; };
		E45982282EA748DE00628BB0 /* FirebaseStorage in Frameworks */ = {isa = PBXBuildFile; productRef = E45982272EA748DE00628BB0 /* FirebaseStorage */; };
		E4D5E30B2EA76D20005FDC1D /* GoogleSignIn in Frameworks */ = {isa = PBXBuildFile; productRef = E4D5E30A2EA76D20005FDC1D /* GoogleSignIn */; };
		E4D5E30D2EA76D20005FDC1D /* GoogleSignInSwift in Frameworks */ = {isa = PBXBuildFile; productRef = E4D5E30C2EA76D20005FDC1D /* GoogleSignInSwift */; };
/* End PBXBuildFile section */

/* Begin PBXContainerItemProxy section */
		E40294572EA6D28200620649 /* PBXContainerItemProxy */ = {
			isa = PBXContainerItemProxy;
			containerPortal = E40294412EA6D28100620649 /* Project object */;
			proxyType = 1;
			remoteGlobalIDString = E40294482EA6D28100620649;
			remoteInfo = MessageAI;
		};
		E40294612EA6D28200620649 /* PBXContainerItemProxy */ = {
			isa = PBXContainerItemProxy;
			containerPortal = E40294412EA6D28100620649 /* Project object */;
			proxyType = 1;
			remoteGlobalIDString = E40294482EA6D28100620649;
			remoteInfo = MessageAI;
		};
/* End PBXContainerItemProxy section */

/* Begin PBXFileReference section */
		E40294492EA6D28100620649 /* MessageAI.app */ = {isa = PBXFileReference; explicitFileType = wrapper.application; includeInIndex = 0; path = MessageAI.app; sourceTree = BUILT_PRODUCTS_DIR; };
		E40294562EA6D28200620649 /* MessageAITests.xctest */ = {isa = PBXFileReference; explicitFileType = wrapper.cfbundle; includeInIndex = 0; path = MessageAITests.xctest; sourceTree = BUILT_PRODUCTS_DIR; };
		E40294602EA6D28200620649 /* MessageAIUITests.xctest */ = {isa = PBXFileReference; explicitFileType = wrapper.cfbundle; includeInIndex = 0; path = MessageAIUITests.xctest; sourceTree = BUILT_PRODUCTS_DIR; };
/* End PBXFileReference section */

/* Begin PBXFileSystemSynchronizedBuildFileExceptionSet section */
		E4D5E3082EA76BD6005FDC1D /* Exceptions for "MessageAI" folder in "MessageAI" target */ = {
			isa = PBXFileSystemSynchronizedBuildFileExceptionSet;
			membershipExceptions = (
				Info.plist,
			);
			target = E40294482EA6D28100620649 /* MessageAI */;
		};
/* End PBXFileSystemSynchronizedBuildFileExceptionSet section */

/* Begin PBXFileSystemSynchronizedRootGroup section */
		E402944B2EA6D28100620649 /* MessageAI */ = {
			isa = PBXFileSystemSynchronizedRootGroup;
			exceptions = (
				E4D5E3082EA76BD6005FDC1D /* Exceptions for "MessageAI" folder in "MessageAI" target */,
			);
			path = MessageAI;
			sourceTree = "<group>";
		};
		E40294592EA6D28200620649 /* MessageAITests */ = {
			isa = PBXFileSystemSynchronizedRootGroup;
			path = MessageAITests;
			sourceTree = "<group>";
		};
		E40294632EA6D28200620649 /* MessageAIUITests */ = {
			isa = PBXFileSystemSynchronizedRootGroup;
			path = MessageAIUITests;
			sourceTree = "<group>";
		};
/* End PBXFileSystemSynchronizedRootGroup section */

/* Begin PBXFrameworksBuildPhase section */
	E40294462EA6D28100620649 /* Frameworks */ = {
		isa = PBXFrameworksBuildPhase;
		buildActionMask = 2147483647;
		files = (
			E4D5E30B2EA76D20005FDC1D /* GoogleSignIn in Frameworks */,
			E45981172EA7246E00628BB0 /* FirebaseCore in Frameworks */,
			E45982282EA748DE00628BB0 /* FirebaseStorage in Frameworks */,
			E4D5E30D2EA76D20005FDC1D /* GoogleSignInSwift in Frameworks */,
			E45981152EA7246E00628BB0 /* FirebaseAuth in Frameworks */,
			E45981192EA7246E00628BB0 /* FirebaseFirestore in Frameworks */,
			E459811B2EA7246E00628BB0 /* FirebaseDatabase in Frameworks */,
		);
		runOnlyForDeploymentPostprocessing = 0;
	};
		E40294532EA6D28200620649 /* Frameworks */ = {
			isa = PBXFrameworksBuildPhase;
			buildActionMask = 2147483647;
			files = (
			);
			runOnlyForDeploymentPostprocessing = 0;
		};
		E402945D2EA6D28200620649 /* Frameworks */ = {
			isa = PBXFrameworksBuildPhase;
			buildActionMask = 2147483647;
			files = (
			);
			runOnlyForDeploymentPostprocessing = 0;
		};
/* End PBXFrameworksBuildPhase section */

/* Begin PBXGroup section */
		E40294402EA6D28100620649 = {
			isa = PBXGroup;
			children = (
				E402944B2EA6D28100620649 /* MessageAI */,
				E40294592EA6D28200620649 /* MessageAITests */,
				E40294632EA6D28200620649 /* MessageAIUITests */,
				E45981132EA7246E00628BB0 /* Frameworks */,
				E402944A2EA6D28100620649 /* Products */,
			);
			sourceTree = "<group>";
		};
		E402944A2EA6D28100620649 /* Products */ = {
			isa = PBXGroup;
			children = (
				E40294492EA6D28100620649 /* MessageAI.app */,
				E40294562EA6D28200620649 /* MessageAITests.xctest */,
				E40294602EA6D28200620649 /* MessageAIUITests.xctest */,
			);
			name = Products;
			sourceTree = "<group>";
		};
		E45981132EA7246E00628BB0 /* Frameworks */ = {
			isa = PBXGroup;
			children = (
			);
			name = Frameworks;
			sourceTree = "<group>";
		};
/* End PBXGroup section */

/* Begin PBXNativeTarget section */
		E40294482EA6D28100620649 /* MessageAI */ = {
			isa = PBXNativeTarget;
			buildConfigurationList = E402946A2EA6D28200620649 /* Build configuration list for PBXNativeTarget "MessageAI" */;
			buildPhases = (
				E40294452EA6D28100620649 /* Sources */,
				E40294462EA6D28100620649 /* Frameworks */,
				E40294472EA6D28100620649 /* Resources */,
			);
			buildRules = (
			);
			dependencies = (
			);
			fileSystemSynchronizedGroups = (
				E402944B2EA6D28100620649 /* MessageAI */,
			);
			name = MessageAI;
		packageProductDependencies = (
			E45981142EA7246E00628BB0 /* FirebaseAuth */,
			E45981162EA7246E00628BB0 /* FirebaseCore */,
			E45981182EA7246E00628BB0 /* FirebaseFirestore */,
			E459811A2EA7246E00628BB0 /* FirebaseDatabase */,
			E45982272EA748DE00628BB0 /* FirebaseStorage */,
			E4D5E30A2EA76D20005FDC1D /* GoogleSignIn */,
			E4D5E30C2EA76D20005FDC1D /* GoogleSignInSwift */,
		);
		productName = MessageAI;
			productReference = E40294492EA6D28100620649 /* MessageAI.app */;
			productType = "com.apple.product-type.application";
		};
		E40294552EA6D28200620649 /* MessageAITests */ = {
			isa = PBXNativeTarget;
			buildConfigurationList = E402946D2EA6D28200620649 /* Build configuration list for PBXNativeTarget "MessageAITests" */;
			buildPhases = (
				E40294522EA6D28200620649 /* Sources */,
				E40294532EA6D28200620649 /* Frameworks */,
				E40294542EA6D28200620649 /* Resources */,
			);
			buildRules = (
			);
			dependencies = (
				E40294582EA6D28200620649 /* PBXTargetDependency */,
			);
			fileSystemSynchronizedGroups = (
				E40294592EA6D28200620649 /* MessageAITests */,
			);
			name = MessageAITests;
			packageProductDependencies = (
			);
			productName = MessageAITests;
			productReference = E40294562EA6D28200620649 /* MessageAITests.xctest */;
			productType = "com.apple.product-type.bundle.unit-test";
		};
		E402945F2EA6D28200620649 /* MessageAIUITests */ = {
			isa = PBXNativeTarget;
			buildConfigurationList = E40294702EA6D28200620649 /* Build configuration list for PBXNativeTarget "MessageAIUITests" */;
			buildPhases = (
				E402945C2EA6D28200620649 /* Sources */,
				E402945D2EA6D28200620649 /* Frameworks */,
				E402945E2EA6D28200620649 /* Resources */,
			);
			buildRules = (
			);
			dependencies = (
				E40294622EA6D28200620649 /* PBXTargetDependency */,
			);
			fileSystemSynchronizedGroups = (
				E40294632EA6D28200620649 /* MessageAIUITests */,
			);
			name = MessageAIUITests;
			packageProductDependencies = (
			);
			productName = MessageAIUITests;
			productReference = E40294602EA6D28200620649 /* MessageAIUITests.xctest */;
			productType = "com.apple.product-type.bundle.ui-testing";
		};
/* End PBXNativeTarget section */

/* Begin PBXProject section */
		E40294412EA6D28100620649 /* Project object */ = {
			isa = PBXProject;
			attributes = {
				BuildIndependentTargetsInParallel = 1;
				LastSwiftUpdateCheck = 1640;
				LastUpgradeCheck = 1640;
				TargetAttributes = {
					E40294482EA6D28100620649 = {
						CreatedOnToolsVersion = 16.4;
					};
					E40294552EA6D28200620649 = {
						CreatedOnToolsVersion = 16.4;
						TestTargetID = E40294482EA6D28100620649;
					};
					E402945F2EA6D28200620649 = {
						CreatedOnToolsVersion = 16.4;
						TestTargetID = E40294482EA6D28100620649;
					};
				};
			};
			buildConfigurationList = E40294442EA6D28100620649 /* Build configuration list for PBXProject "MessageAI" */;
			developmentRegion = en;
			hasScannedForEncodings = 0;
			knownRegions = (
				en,
				Base,
			);
			mainGroup = E40294402EA6D28100620649;
			minimizedProjectReferenceProxies = 1;
			packageReferences = (
				E45981122EA723CE00628BB0 /* XCRemoteSwiftPackageReference "firebase-ios-sdk" */,
				E4D5E3092EA76D20005FDC1D /* XCRemoteSwiftPackageReference "GoogleSignIn-iOS" */,
			);
			preferredProjectObjectVersion = 77;
			productRefGroup = E402944A2EA6D28100620649 /* Products */;
			projectDirPath = "";
			projectRoot = "";
			targets = (
				E40294482EA6D28100620649 /* MessageAI */,
				E40294552EA6D28200620649 /* MessageAITests */,
				E402945F2EA6D28200620649 /* MessageAIUITests */,
			);
		};
/* End PBXProject section */

/* Begin PBXResourcesBuildPhase section */
		E40294472EA6D28100620649 /* Resources */ = {
			isa = PBXResourcesBuildPhase;
			buildActionMask = 2147483647;
			files = (
			);
			runOnlyForDeploymentPostprocessing = 0;
		};
		E40294542EA6D28200620649 /* Resources */ = {
			isa = PBXResourcesBuildPhase;
			buildActionMask = 2147483647;
			files = (
			);
			runOnlyForDeploymentPostprocessing = 0;
		};
		E402945E2EA6D28200620649 /* Resources */ = {
			isa = PBXResourcesBuildPhase;
			buildActionMask = 2147483647;
			files = (
			);
			runOnlyForDeploymentPostprocessing = 0;
		};
/* End PBXResourcesBuildPhase section */

/* Begin PBXSourcesBuildPhase section */
		E40294452EA6D28100620649 /* Sources */ = {
			isa = PBXSourcesBuildPhase;
			buildActionMask = 2147483647;
			files = (
			);
			runOnlyForDeploymentPostprocessing = 0;
		};
		E40294522EA6D28200620649 /* Sources */ = {
			isa = PBXSourcesBuildPhase;
			buildActionMask = 2147483647;
			files = (
			);
			runOnlyForDeploymentPostprocessing = 0;
		};
		E402945C2EA6D28200620649 /* Sources */ = {
			isa = PBXSourcesBuildPhase;
			buildActionMask = 2147483647;
			files = (
			);
			runOnlyForDeploymentPostprocessing = 0;
		};
/* End PBXSourcesBuildPhase section */

/* Begin PBXTargetDependency section */
		E40294582EA6D28200620649 /* PBXTargetDependency */ = {
			isa = PBXTargetDependency;
			target = E40294482EA6D28100620649 /* MessageAI */;
			targetProxy = E40294572EA6D28200620649 /* PBXContainerItemProxy */;
		};
		E40294622EA6D28200620649 /* PBXTargetDependency */ = {
			isa = PBXTargetDependency;
			target = E40294482EA6D28100620649 /* MessageAI */;
			targetProxy = E40294612EA6D28200620649 /* PBXContainerItemProxy */;
		};
/* End PBXTargetDependency section */

/* Begin XCBuildConfiguration section */
		E40294682EA6D28200620649 /* Debug */ = {
			isa = XCBuildConfiguration;
			buildSettings = {
				ALWAYS_SEARCH_USER_PATHS = NO;
				ASSETCATALOG_COMPILER_GENERATE_SWIFT_ASSET_SYMBOL_EXTENSIONS = YES;
				CLANG_ANALYZER_NONNULL = YES;
				CLANG_ANALYZER_NUMBER_OBJECT_CONVERSION = YES_AGGRESSIVE;
				CLANG_CXX_LANGUAGE_STANDARD = "gnu++20";
				CLANG_ENABLE_MODULES = YES;
				CLANG_ENABLE_OBJC_ARC = YES;
				CLANG_ENABLE_OBJC_WEAK = YES;
				CLANG_WARN_BLOCK_CAPTURE_AUTORELEASING = YES;
				CLANG_WARN_BOOL_CONVERSION = YES;
				CLANG_WARN_COMMA = YES;
				CLANG_WARN_CONSTANT_CONVERSION = YES;
				CLANG_WARN_DEPRECATED_OBJC_IMPLEMENTATIONS = YES;
				CLANG_WARN_DIRECT_OBJC_ISA_USAGE = YES_ERROR;
				CLANG_WARN_DOCUMENTATION_COMMENTS = YES;
				CLANG_WARN_EMPTY_BODY = YES;
				CLANG_WARN_ENUM_CONVERSION = YES;
				CLANG_WARN_INFINITE_RECURSION = YES;
				CLANG_WARN_INT_CONVERSION = YES;
				CLANG_WARN_NON_LITERAL_NULL_CONVERSION = YES;
				CLANG_WARN_OBJC_IMPLICIT_RETAIN_SELF = YES;
				CLANG_WARN_OBJC_LITERAL_CONVERSION = YES;
				CLANG_WARN_OBJC_ROOT_CLASS = YES_ERROR;
				CLANG_WARN_QUOTED_INCLUDE_IN_FRAMEWORK_HEADER = YES;
				CLANG_WARN_RANGE_LOOP_ANALYSIS = YES;
				CLANG_WARN_STRICT_PROTOTYPES = YES;
				CLANG_WARN_SUSPICIOUS_MOVE = YES;
				CLANG_WARN_UNGUARDED_AVAILABILITY = YES_AGGRESSIVE;
				CLANG_WARN_UNREACHABLE_CODE = YES;
				CLANG_WARN__DUPLICATE_METHOD_MATCH = YES;
				COPY_PHASE_STRIP = NO;
				DEBUG_INFORMATION_FORMAT = dwarf;
				DEVELOPMENT_TEAM = 4CLVCQ7N3P;
				ENABLE_STRICT_OBJC_MSGSEND = YES;
				ENABLE_TESTABILITY = YES;
				ENABLE_USER_SCRIPT_SANDBOXING = YES;
				GCC_C_LANGUAGE_STANDARD = gnu17;
				GCC_DYNAMIC_NO_PIC = NO;
				GCC_NO_COMMON_BLOCKS = YES;
				GCC_OPTIMIZATION_LEVEL = 0;
				GCC_PREPROCESSOR_DEFINITIONS = (
					"DEBUG=1",
					"$(inherited)",
				);
				GCC_WARN_64_TO_32_BIT_CONVERSION = YES;
				GCC_WARN_ABOUT_RETURN_TYPE = YES_ERROR;
				GCC_WARN_UNDECLARED_SELECTOR = YES;
				GCC_WARN_UNINITIALIZED_AUTOS = YES_AGGRESSIVE;
				GCC_WARN_UNUSED_FUNCTION = YES;
				GCC_WARN_UNUSED_VARIABLE = YES;
				IPHONEOS_DEPLOYMENT_TARGET = 18.5;
				LOCALIZATION_PREFERS_STRING_CATALOGS = YES;
				MTL_ENABLE_DEBUG_INFO = INCLUDE_SOURCE;
				MTL_FAST_MATH = YES;
				ONLY_ACTIVE_ARCH = YES;
				SDKROOT = iphoneos;
				SWIFT_ACTIVE_COMPILATION_CONDITIONS = "DEBUG $(inherited)";
				SWIFT_OPTIMIZATION_LEVEL = "-Onone";
			};
			name = Debug;
		};
		E40294692EA6D28200620649 /* Release */ = {
			isa = XCBuildConfiguration;
			buildSettings = {
				ALWAYS_SEARCH_USER_PATHS = NO;
				ASSETCATALOG_COMPILER_GENERATE_SWIFT_ASSET_SYMBOL_EXTENSIONS = YES;
				CLANG_ANALYZER_NONNULL = YES;
				CLANG_ANALYZER_NUMBER_OBJECT_CONVERSION = YES_AGGRESSIVE;
				CLANG_CXX_LANGUAGE_STANDARD = "gnu++20";
				CLANG_ENABLE_MODULES = YES;
				CLANG_ENABLE_OBJC_ARC = YES;
				CLANG_ENABLE_OBJC_WEAK = YES;
				CLANG_WARN_BLOCK_CAPTURE_AUTORELEASING = YES;
				CLANG_WARN_BOOL_CONVERSION = YES;
				CLANG_WARN_COMMA = YES;
				CLANG_WARN_CONSTANT_CONVERSION = YES;
				CLANG_WARN_DEPRECATED_OBJC_IMPLEMENTATIONS = YES;
				CLANG_WARN_DIRECT_OBJC_ISA_USAGE = YES_ERROR;
				CLANG_WARN_DOCUMENTATION_COMMENTS = YES;
				CLANG_WARN_EMPTY_BODY = YES;
				CLANG_WARN_ENUM_CONVERSION = YES;
				CLANG_WARN_INFINITE_RECURSION = YES;
				CLANG_WARN_INT_CONVERSION = YES;
				CLANG_WARN_NON_LITERAL_NULL_CONVERSION = YES;
				CLANG_WARN_OBJC_IMPLICIT_RETAIN_SELF = YES;
				CLANG_WARN_OBJC_LITERAL_CONVERSION = YES;
				CLANG_WARN_OBJC_ROOT_CLASS = YES_ERROR;
				CLANG_WARN_QUOTED_INCLUDE_IN_FRAMEWORK_HEADER = YES;
				CLANG_WARN_RANGE_LOOP_ANALYSIS = YES;
				CLANG_WARN_STRICT_PROTOTYPES = YES;
				CLANG_WARN_SUSPICIOUS_MOVE = YES;
				CLANG_WARN_UNGUARDED_AVAILABILITY = YES_AGGRESSIVE;
				CLANG_WARN_UNREACHABLE_CODE = YES;
				CLANG_WARN__DUPLICATE_METHOD_MATCH = YES;
				COPY_PHASE_STRIP = NO;
				DEBUG_INFORMATION_FORMAT = "dwarf-with-dsym";
				DEVELOPMENT_TEAM = 4CLVCQ7N3P;
				ENABLE_NS_ASSERTIONS = NO;
				ENABLE_STRICT_OBJC_MSGSEND = YES;
				ENABLE_USER_SCRIPT_SANDBOXING = YES;
				GCC_C_LANGUAGE_STANDARD = gnu17;
				GCC_NO_COMMON_BLOCKS = YES;
				GCC_WARN_64_TO_32_BIT_CONVERSION = YES;
				GCC_WARN_ABOUT_RETURN_TYPE = YES_ERROR;
				GCC_WARN_UNDECLARED_SELECTOR = YES;
				GCC_WARN_UNINITIALIZED_AUTOS = YES_AGGRESSIVE;
				GCC_WARN_UNUSED_FUNCTION = YES;
				GCC_WARN_UNUSED_VARIABLE = YES;
				IPHONEOS_DEPLOYMENT_TARGET = 18.5;
				LOCALIZATION_PREFERS_STRING_CATALOGS = YES;
				MTL_ENABLE_DEBUG_INFO = NO;
				MTL_FAST_MATH = YES;
				SDKROOT = iphoneos;
				SWIFT_COMPILATION_MODE = wholemodule;
				VALIDATE_PRODUCT = YES;
			};
			name = Release;
		};
		E402946B2EA6D28200620649 /* Debug */ = {
			isa = XCBuildConfiguration;
			buildSettings = {
				ASSETCATALOG_COMPILER_APPICON_NAME = AppIcon;
				ASSETCATALOG_COMPILER_GLOBAL_ACCENT_COLOR_NAME = AccentColor;
				CODE_SIGN_STYLE = Automatic;
				CURRENT_PROJECT_VERSION = 1;
				DEVELOPMENT_TEAM = 4CLVCQ7N3P;
				ENABLE_PREVIEWS = YES;
				GENERATE_INFOPLIST_FILE = YES;
				INFOPLIST_FILE = MessageAI/Info.plist;
				INFOPLIST_KEY_UIApplicationSceneManifest_Generation = YES;
				INFOPLIST_KEY_UIApplicationSupportsIndirectInputEvents = YES;
				INFOPLIST_KEY_UILaunchScreen_Generation = YES;
				INFOPLIST_KEY_UISupportedInterfaceOrientations_iPad = "UIInterfaceOrientationPortrait UIInterfaceOrientationPortraitUpsideDown UIInterfaceOrientationLandscapeLeft UIInterfaceOrientationLandscapeRight";
				INFOPLIST_KEY_UISupportedInterfaceOrientations_iPhone = "UIInterfaceOrientationPortrait UIInterfaceOrientationLandscapeLeft UIInterfaceOrientationLandscapeRight";
				LD_RUNPATH_SEARCH_PATHS = (
					"$(inherited)",
					"@executable_path/Frameworks",
				);
				MARKETING_VERSION = 1.0;
				PRODUCT_BUNDLE_IDENTIFIER = gauntlet.MessageAI;
				PRODUCT_NAME = "$(TARGET_NAME)";
				SWIFT_EMIT_LOC_STRINGS = YES;
				SWIFT_VERSION = 5.0;
				TARGETED_DEVICE_FAMILY = "1,2";
			};
			name = Debug;
		};
		E402946C2EA6D28200620649 /* Release */ = {
			isa = XCBuildConfiguration;
			buildSettings = {
				ASSETCATALOG_COMPILER_APPICON_NAME = AppIcon;
				ASSETCATALOG_COMPILER_GLOBAL_ACCENT_COLOR_NAME = AccentColor;
				CODE_SIGN_STYLE = Automatic;
				CURRENT_PROJECT_VERSION = 1;
				DEVELOPMENT_TEAM = 4CLVCQ7N3P;
				ENABLE_PREVIEWS = YES;
				GENERATE_INFOPLIST_FILE = YES;
				INFOPLIST_FILE = MessageAI/Info.plist;
				INFOPLIST_KEY_UIApplicationSceneManifest_Generation = YES;
				INFOPLIST_KEY_UIApplicationSupportsIndirectInputEvents = YES;
				INFOPLIST_KEY_UILaunchScreen_Generation = YES;
				INFOPLIST_KEY_UISupportedInterfaceOrientations_iPad = "UIInterfaceOrientationPortrait UIInterfaceOrientationPortraitUpsideDown UIInterfaceOrientationLandscapeLeft UIInterfaceOrientationLandscapeRight";
				INFOPLIST_KEY_UISupportedInterfaceOrientations_iPhone = "UIInterfaceOrientationPortrait UIInterfaceOrientationLandscapeLeft UIInterfaceOrientationLandscapeRight";
				LD_RUNPATH_SEARCH_PATHS = (
					"$(inherited)",
					"@executable_path/Frameworks",
				);
				MARKETING_VERSION = 1.0;
				PRODUCT_BUNDLE_IDENTIFIER = gauntlet.MessageAI;
				PRODUCT_NAME = "$(TARGET_NAME)";
				SWIFT_EMIT_LOC_STRINGS = YES;
				SWIFT_VERSION = 5.0;
				TARGETED_DEVICE_FAMILY = "1,2";
			};
			name = Release;
		};
		E402946E2EA6D28200620649 /* Debug */ = {
			isa = XCBuildConfiguration;
			buildSettings = {
				BUNDLE_LOADER = "$(TEST_HOST)";
				CODE_SIGN_STYLE = Automatic;
				CURRENT_PROJECT_VERSION = 1;
				DEVELOPMENT_TEAM = 4CLVCQ7N3P;
				GENERATE_INFOPLIST_FILE = YES;
				IPHONEOS_DEPLOYMENT_TARGET = 18.5;
				MARKETING_VERSION = 1.0;
				PRODUCT_BUNDLE_IDENTIFIER = gauntlet.MessageAITests;
				PRODUCT_NAME = "$(TARGET_NAME)";
				SWIFT_EMIT_LOC_STRINGS = NO;
				SWIFT_VERSION = 5.0;
				TARGETED_DEVICE_FAMILY = "1,2";
				TEST_HOST = "$(BUILT_PRODUCTS_DIR)/MessageAI.app/$(BUNDLE_EXECUTABLE_FOLDER_PATH)/MessageAI";
			};
			name = Debug;
		};
		E402946F2EA6D28200620649 /* Release */ = {
			isa = XCBuildConfiguration;
			buildSettings = {
				BUNDLE_LOADER = "$(TEST_HOST)";
				CODE_SIGN_STYLE = Automatic;
				CURRENT_PROJECT_VERSION = 1;
				DEVELOPMENT_TEAM = 4CLVCQ7N3P;
				GENERATE_INFOPLIST_FILE = YES;
				IPHONEOS_DEPLOYMENT_TARGET = 18.5;
				MARKETING_VERSION = 1.0;
				PRODUCT_BUNDLE_IDENTIFIER = gauntlet.MessageAITests;
				PRODUCT_NAME = "$(TARGET_NAME)";
				SWIFT_EMIT_LOC_STRINGS = NO;
				SWIFT_VERSION = 5.0;
				TARGETED_DEVICE_FAMILY = "1,2";
				TEST_HOST = "$(BUILT_PRODUCTS_DIR)/MessageAI.app/$(BUNDLE_EXECUTABLE_FOLDER_PATH)/MessageAI";
			};
			name = Release;
		};
		E40294712EA6D28200620649 /* Debug */ = {
			isa = XCBuildConfiguration;
			buildSettings = {
				CODE_SIGN_STYLE = Automatic;
				CURRENT_PROJECT_VERSION = 1;
				DEVELOPMENT_TEAM = 4CLVCQ7N3P;
				GENERATE_INFOPLIST_FILE = YES;
				MARKETING_VERSION = 1.0;
				PRODUCT_BUNDLE_IDENTIFIER = gauntlet.MessageAIUITests;
				PRODUCT_NAME = "$(TARGET_NAME)";
				SWIFT_EMIT_LOC_STRINGS = NO;
				SWIFT_VERSION = 5.0;
				TARGETED_DEVICE_FAMILY = "1,2";
				TEST_TARGET_NAME = MessageAI;
			};
			name = Debug;
		};
		E40294722EA6D28200620649 /* Release */ = {
			isa = XCBuildConfiguration;
			buildSettings = {
				CODE_SIGN_STYLE = Automatic;
				CURRENT_PROJECT_VERSION = 1;
				DEVELOPMENT_TEAM = 4CLVCQ7N3P;
				GENERATE_INFOPLIST_FILE = YES;
				MARKETING_VERSION = 1.0;
				PRODUCT_BUNDLE_IDENTIFIER = gauntlet.MessageAIUITests;
				PRODUCT_NAME = "$(TARGET_NAME)";
				SWIFT_EMIT_LOC_STRINGS = NO;
				SWIFT_VERSION = 5.0;
				TARGETED_DEVICE_FAMILY = "1,2";
				TEST_TARGET_NAME = MessageAI;
			};
			name = Release;
		};
/* End XCBuildConfiguration section */

/* Begin XCConfigurationList section */
		E40294442EA6D28100620649 /* Build configuration list for PBXProject "MessageAI" */ = {
			isa = XCConfigurationList;
			buildConfigurations = (
				E40294682EA6D28200620649 /* Debug */,
				E40294692EA6D28200620649 /* Release */,
			);
			defaultConfigurationIsVisible = 0;
			defaultConfigurationName = Release;
		};
		E402946A2EA6D28200620649 /* Build configuration list for PBXNativeTarget "MessageAI" */ = {
			isa = XCConfigurationList;
			buildConfigurations = (
				E402946B2EA6D28200620649 /* Debug */,
				E402946C2EA6D28200620649 /* Release */,
			);
			defaultConfigurationIsVisible = 0;
			defaultConfigurationName = Release;
		};
		E402946D2EA6D28200620649 /* Build configuration list for PBXNativeTarget "MessageAITests" */ = {
			isa = XCConfigurationList;
			buildConfigurations = (
				E402946E2EA6D28200620649 /* Debug */,
				E402946F2EA6D28200620649 /* Release */,
			);
			defaultConfigurationIsVisible = 0;
			defaultConfigurationName = Release;
		};
		E40294702EA6D28200620649 /* Build configuration list for PBXNativeTarget "MessageAIUITests" */ = {
			isa = XCConfigurationList;
			buildConfigurations = (
				E40294712EA6D28200620649 /* Debug */,
				E40294722EA6D28200620649 /* Release */,
			);
			defaultConfigurationIsVisible = 0;
			defaultConfigurationName = Release;
		};
/* End XCConfigurationList section */

/* Begin XCRemoteSwiftPackageReference section */
		E45981122EA723CE00628BB0 /* XCRemoteSwiftPackageReference "firebase-ios-sdk" */ = {
			isa = XCRemoteSwiftPackageReference;
			repositoryURL = "https://github.com/firebase/firebase-ios-sdk";
			requirement = {
				kind = upToNextMajorVersion;
				minimumVersion = 12.4.0;
			};
		};
		E4D5E3092EA76D20005FDC1D /* XCRemoteSwiftPackageReference "GoogleSignIn-iOS" */ = {
			isa = XCRemoteSwiftPackageReference;
			repositoryURL = "https://github.com/google/GoogleSignIn-iOS";
			requirement = {
				kind = upToNextMajorVersion;
				minimumVersion = 9.0.0;
			};
		};
/* End XCRemoteSwiftPackageReference section */

/* Begin XCSwiftPackageProductDependency section */
		E45981142EA7246E00628BB0 /* FirebaseAuth */ = {
			isa = XCSwiftPackageProductDependency;
			package = E45981122EA723CE00628BB0 /* XCRemoteSwiftPackageReference "firebase-ios-sdk" */;
			productName = FirebaseAuth;
		};
		E45981162EA7246E00628BB0 /* FirebaseCore */ = {
			isa = XCSwiftPackageProductDependency;
			package = E45981122EA723CE00628BB0 /* XCRemoteSwiftPackageReference "firebase-ios-sdk" */;
			productName = FirebaseCore;
		};
		E45981182EA7246E00628BB0 /* FirebaseFirestore */ = {
			isa = XCSwiftPackageProductDependency;
			package = E45981122EA723CE00628BB0 /* XCRemoteSwiftPackageReference "firebase-ios-sdk" */;
			productName = FirebaseFirestore;
		};
		E459811A2EA7246E00628BB0 /* FirebaseDatabase */ = {
			isa = XCSwiftPackageProductDependency;
			package = E45981122EA723CE00628BB0 /* XCRemoteSwiftPackageReference "firebase-ios-sdk" */;
			productName = FirebaseDatabase;
		};
		E45982272EA748DE00628BB0 /* FirebaseStorage */ = {
			isa = XCSwiftPackageProductDependency;
			package = E45981122EA723CE00628BB0 /* XCRemoteSwiftPackageReference "firebase-ios-sdk" */;
			productName = FirebaseStorage;
		};
		E4D5E30A2EA76D20005FDC1D /* GoogleSignIn */ = {
			isa = XCSwiftPackageProductDependency;
			package = E4D5E3092EA76D20005FDC1D /* XCRemoteSwiftPackageReference "GoogleSignIn-iOS" */;
			productName = GoogleSignIn;
		};
		E4D5E30C2EA76D20005FDC1D /* GoogleSignInSwift */ = {
			isa = XCSwiftPackageProductDependency;
			package = E4D5E3092EA76D20005FDC1D /* XCRemoteSwiftPackageReference "GoogleSignIn-iOS" */;
			productName = GoogleSignInSwift;
		};
/* End XCSwiftPackageProductDependency section */
	};
	rootObject = E40294412EA6D28100620649 /* Project object */;
}
